// !$*UTF8*$!
{
	archiveVersion = 1;
	classes = {
	};
	objectVersion = 50;
	objects = {

/* Begin PBXBuildFile section */
		1281C21726CD592E0050A8BE /* AuthFormApp.swift in Sources */ = {isa = PBXBuildFile; fileRef = 1281C21626CD592E0050A8BE /* AuthFormApp.swift */; };
		1281C21B26CD59300050A8BE /* Assets.xcassets in Resources */ = {isa = PBXBuildFile; fileRef = 1281C21A26CD59300050A8BE /* Assets.xcassets */; };
		1281C21E26CD59300050A8BE /* Preview Assets.xcassets in Resources */ = {isa = PBXBuildFile; fileRef = 1281C21D26CD59300050A8BE /* Preview Assets.xcassets */; };
		1281C23126CD59DD0050A8BE /* SignUpViewModel.swift in Sources */ = {isa = PBXBuildFile; fileRef = 1281C22F26CD59DD0050A8BE /* SignUpViewModel.swift */; };
		1281C23226CD59DD0050A8BE /* SignInViewModel.swift in Sources */ = {isa = PBXBuildFile; fileRef = 1281C23026CD59DD0050A8BE /* SignInViewModel.swift */; };
		1281C23826CD59E40050A8BE /* SignInForm.swift in Sources */ = {isa = PBXBuildFile; fileRef = 1281C23426CD59E40050A8BE /* SignInForm.swift */; };
		1281C23926CD59E40050A8BE /* SignUpForm.swift in Sources */ = {isa = PBXBuildFile; fileRef = 1281C23526CD59E40050A8BE /* SignUpForm.swift */; };
		1281C23A26CD59E40050A8BE /* SignInView.swift in Sources */ = {isa = PBXBuildFile; fileRef = 1281C23626CD59E40050A8BE /* SignInView.swift */; };
		1281C23B26CD59E40050A8BE /* SignUpView.swift in Sources */ = {isa = PBXBuildFile; fileRef = 1281C23726CD59E40050A8BE /* SignUpView.swift */; };
/* End PBXBuildFile section */

/* Begin PBXFileReference section */
		1281C21326CD592E0050A8BE /* AuthForm.app */ = {isa = PBXFileReference; explicitFileType = wrapper.application; includeInIndex = 0; path = AuthForm.app; sourceTree = BUILT_PRODUCTS_DIR; };
		1281C21626CD592E0050A8BE /* AuthFormApp.swift */ = {isa = PBXFileReference; lastKnownFileType = sourcecode.swift; path = AuthFormApp.swift; sourceTree = "<group>"; };
		1281C21A26CD59300050A8BE /* Assets.xcassets */ = {isa = PBXFileReference; lastKnownFileType = folder.assetcatalog; path = Assets.xcassets; sourceTree = "<group>"; };
		1281C21D26CD59300050A8BE /* Preview Assets.xcassets */ = {isa = PBXFileReference; lastKnownFileType = folder.assetcatalog; path = "Preview Assets.xcassets"; sourceTree = "<group>"; };
		1281C21F26CD59300050A8BE /* Info.plist */ = {isa = PBXFileReference; lastKnownFileType = text.plist.xml; path = Info.plist; sourceTree = "<group>"; };
		1281C22F26CD59DD0050A8BE /* SignUpViewModel.swift */ = {isa = PBXFileReference; fileEncoding = 4; lastKnownFileType = sourcecode.swift; path = SignUpViewModel.swift; sourceTree = "<group>"; };
		1281C23026CD59DD0050A8BE /* SignInViewModel.swift */ = {isa = PBXFileReference; fileEncoding = 4; lastKnownFileType = sourcecode.swift; path = SignInViewModel.swift; sourceTree = "<group>"; };
		1281C23426CD59E40050A8BE /* SignInForm.swift */ = {isa = PBXFileReference; fileEncoding = 4; lastKnownFileType = sourcecode.swift; path = SignInForm.swift; sourceTree = "<group>"; };
		1281C23526CD59E40050A8BE /* SignUpForm.swift */ = {isa = PBXFileReference; fileEncoding = 4; lastKnownFileType = sourcecode.swift; path = SignUpForm.swift; sourceTree = "<group>"; };
		1281C23626CD59E40050A8BE /* SignInView.swift */ = {isa = PBXFileReference; fileEncoding = 4; lastKnownFileType = sourcecode.swift; path = SignInView.swift; sourceTree = "<group>"; };
		1281C23726CD59E40050A8BE /* SignUpView.swift */ = {isa = PBXFileReference; fileEncoding = 4; lastKnownFileType = sourcecode.swift; path = SignUpView.swift; sourceTree = "<group>"; };
/* End PBXFileReference section */

/* Begin PBXFrameworksBuildPhase section */
		1281C21026CD592E0050A8BE /* Frameworks */ = {
			isa = PBXFrameworksBuildPhase;
			buildActionMask = 2147483647;
			files = (
			);
			runOnlyForDeploymentPostprocessing = 0;
		};
/* End PBXFrameworksBuildPhase section */

/* Begin PBXGroup section */
		1281C20A26CD592E0050A8BE = {
			isa = PBXGroup;
			children = (
				1281C21526CD592E0050A8BE /* AuthForm */,
				1281C21426CD592E0050A8BE /* Products */,
			);
			sourceTree = "<group>";
		};
		1281C21426CD592E0050A8BE /* Products */ = {
			isa = PBXGroup;
			children = (
				1281C21326CD592E0050A8BE /* AuthForm.app */,
			);
			name = Products;
			sourceTree = "<group>";
		};
		1281C21526CD592E0050A8BE /* AuthForm */ = {
			isa = PBXGroup;
			children = (
				1281C21626CD592E0050A8BE /* AuthFormApp.swift */,
				1281C23326CD59E40050A8BE /* Views */,
				1281C22E26CD59DD0050A8BE /* ViewModels */,
				1281C21A26CD59300050A8BE /* Assets.xcassets */,
				1281C21F26CD59300050A8BE /* Info.plist */,
				1281C21C26CD59300050A8BE /* Preview Content */,
			);
			path = AuthForm;
			sourceTree = "<group>";
		};
		1281C21C26CD59300050A8BE /* Preview Content */ = {
			isa = PBXGroup;
			children = (
				1281C21D26CD59300050A8BE /* Preview Assets.xcassets */,
			);
			path = "Preview Content";
			sourceTree = "<group>";
		};
		1281C22E26CD59DD0050A8BE /* ViewModels */ = {
			isa = PBXGroup;
			children = (
				1281C22F26CD59DD0050A8BE /* SignUpViewModel.swift */,
				1281C23026CD59DD0050A8BE /* SignInViewModel.swift */,
			);
			path = ViewModels;
			sourceTree = "<group>";
		};
		1281C23326CD59E40050A8BE /* Views */ = {
			isa = PBXGroup;
			children = (
				1281C23426CD59E40050A8BE /* SignInForm.swift */,
				1281C23526CD59E40050A8BE /* SignUpForm.swift */,
				1281C23626CD59E40050A8BE /* SignInView.swift */,
				1281C23726CD59E40050A8BE /* SignUpView.swift */,
			);
			path = Views;
			sourceTree = "<group>";
		};
/* End PBXGroup section */

/* Begin PBXNativeTarget section */
		1281C21226CD592E0050A8BE /* AuthForm */ = {
			isa = PBXNativeTarget;
			buildConfigurationList = 1281C22226CD59300050A8BE /* Build configuration list for PBXNativeTarget "AuthForm" */;
			buildPhases = (
				1281C20F26CD592E0050A8BE /* Sources */,
				1281C21026CD592E0050A8BE /* Frameworks */,
				1281C21126CD592E0050A8BE /* Resources */,
			);
			buildRules = (
			);
			dependencies = (
			);
			name = AuthForm;
			productName = AuthForm;
			productReference = 1281C21326CD592E0050A8BE /* AuthForm.app */;
			productType = "com.apple.product-type.application";
		};
/* End PBXNativeTarget section */

/* Begin PBXProject section */
		1281C20B26CD592E0050A8BE /* Project object */ = {
			isa = PBXProject;
			attributes = {
				LastSwiftUpdateCheck = 1250;
				LastUpgradeCheck = 1250;
				TargetAttributes = {
					1281C21226CD592E0050A8BE = {
						CreatedOnToolsVersion = 12.5.1;
					};
				};
			};
			buildConfigurationList = 1281C20E26CD592E0050A8BE /* Build configuration list for PBXProject "AuthForm" */;
			compatibilityVersion = "Xcode 9.3";
			developmentRegion = en;
			hasScannedForEncodings = 0;
			knownRegions = (
				en,
				Base,
			);
			mainGroup = 1281C20A26CD592E0050A8BE;
			productRefGroup = 1281C21426CD592E0050A8BE /* Products */;
			projectDirPath = "";
			projectRoot = "";
			targets = (
				1281C21226CD592E0050A8BE /* AuthForm */,
			);
		};
/* End PBXProject section */

/* Begin PBXResourcesBuildPhase section */
		1281C21126CD592E0050A8BE /* Resources */ = {
			isa = PBXResourcesBuildPhase;
			buildActionMask = 2147483647;
			files = (
				1281C21E26CD59300050A8BE /* Preview Assets.xcassets in Resources */,
				1281C21B26CD59300050A8BE /* Assets.xcassets in Resources */,
			);
			runOnlyForDeploymentPostprocessing = 0;
		};
/* End PBXResourcesBuildPhase section */

/* Begin PBXSourcesBuildPhase section */
		1281C20F26CD592E0050A8BE /* Sources */ = {
			isa = PBXSourcesBuildPhase;
			buildActionMask = 2147483647;
			files = (
				1281C23A26CD59E40050A8BE /* SignInView.swift in Sources */,
				1281C23926CD59E40050A8BE /* SignUpForm.swift in Sources */,
				1281C23126CD59DD0050A8BE /* SignUpViewModel.swift in Sources */,
				1281C23B26CD59E40050A8BE /* SignUpView.swift in Sources */,
				1281C21726CD592E0050A8BE /* AuthFormApp.swift in Sources */,
				1281C23226CD59DD0050A8BE /* SignInViewModel.swift in Sources */,
				1281C23826CD59E40050A8BE /* SignInForm.swift in Sources */,
			);
			runOnlyForDeploymentPostprocessing = 0;
		};
/* End PBXSourcesBuildPhase section */

/* Begin XCBuildConfiguration section */
		1281C22026CD59300050A8BE /* Debug */ = {
			isa = XCBuildConfiguration;
			buildSettings = {
				ALWAYS_SEARCH_USER_PATHS = NO;
				CLANG_ANALYZER_NONNULL = YES;
				CLANG_ANALYZER_NUMBER_OBJECT_CONVERSION = YES_AGGRESSIVE;
				CLANG_CXX_LANGUAGE_STANDARD = "gnu++14";
				CLANG_CXX_LIBRARY = "libc++";
				CLANG_ENABLE_MODULES = YES;
				CLANG_ENABLE_OBJC_ARC = YES;
				CLANG_ENABLE_OBJC_WEAK = YES;
				CLANG_WARN_BLOCK_CAPTURE_AUTORELEASING = YES;
				CLANG_WARN_BOOL_CONVERSION = YES;
				CLANG_WARN_COMMA = YES;
				CLANG_WARN_CONSTANT_CONVERSION = YES;
				CLANG_WARN_DEPRECATED_OBJC_IMPLEMENTATIONS = YES;
				CLANG_WARN_DIRECT_OBJC_ISA_USAGE = YES_ERROR;
				CLANG_WARN_DOCUMENTATION_COMMENTS = YES;
				CLANG_WARN_EMPTY_BODY = YES;
				CLANG_WARN_ENUM_CONVERSION = YES;
				CLANG_WARN_INFINITE_RECURSION = YES;
				CLANG_WARN_INT_CONVERSION = YES;
				CLANG_WARN_NON_LITERAL_NULL_CONVERSION = YES;
				CLANG_WARN_OBJC_IMPLICIT_RETAIN_SELF = YES;
				CLANG_WARN_OBJC_LITERAL_CONVERSION = YES;
				CLANG_WARN_OBJC_ROOT_CLASS = YES_ERROR;
				CLANG_WARN_QUOTED_INCLUDE_IN_FRAMEWORK_HEADER = YES;
				CLANG_WARN_RANGE_LOOP_ANALYSIS = YES;
				CLANG_WARN_STRICT_PROTOTYPES = YES;
				CLANG_WARN_SUSPICIOUS_MOVE = YES;
				CLANG_WARN_UNGUARDED_AVAILABILITY = YES_AGGRESSIVE;
				CLANG_WARN_UNREACHABLE_CODE = YES;
				CLANG_WARN__DUPLICATE_METHOD_MATCH = YES;
				COPY_PHASE_STRIP = NO;
				DEBUG_INFORMATION_FORMAT = dwarf;
				ENABLE_STRICT_OBJC_MSGSEND = YES;
				ENABLE_TESTABILITY = YES;
				GCC_C_LANGUAGE_STANDARD = gnu11;
				GCC_DYNAMIC_NO_PIC = NO;
				GCC_NO_COMMON_BLOCKS = YES;
				GCC_OPTIMIZATION_LEVEL = 0;
				GCC_PREPROCESSOR_DEFINITIONS = (
					"DEBUG=1",
					"$(inherited)",
				);
				GCC_WARN_64_TO_32_BIT_CONVERSION = YES;
				GCC_WARN_ABOUT_RETURN_TYPE = YES_ERROR;
				GCC_WARN_UNDECLARED_SELECTOR = YES;
				GCC_WARN_UNINITIALIZED_AUTOS = YES_AGGRESSIVE;
				GCC_WARN_UNUSED_FUNCTION = YES;
				GCC_WARN_UNUSED_VARIABLE = YES;
				IPHONEOS_DEPLOYMENT_TARGET = 14.5;
				MTL_ENABLE_DEBUG_INFO = INCLUDE_SOURCE;
				MTL_FAST_MATH = YES;
				ONLY_ACTIVE_ARCH = YES;
				SDKROOT = iphoneos;
				SWIFT_ACTIVE_COMPILATION_CONDITIONS = DEBUG;
				SWIFT_OPTIMIZATION_LEVEL = "-Onone";
			};
			name = Debug;
		};
		1281C22126CD59300050A8BE /* Release */ = {
			isa = XCBuildConfiguration;
			buildSettings = {
				ALWAYS_SEARCH_USER_PATHS = NO;
				CLANG_ANALYZER_NONNULL = YES;
				CLANG_ANALYZER_NUMBER_OBJECT_CONVERSION = YES_AGGRESSIVE;
				CLANG_CXX_LANGUAGE_STANDARD = "gnu++14";
				CLANG_CXX_LIBRARY = "libc++";
				CLANG_ENABLE_MODULES = YES;
				CLANG_ENABLE_OBJC_ARC = YES;
				CLANG_ENABLE_OBJC_WEAK = YES;
				CLANG_WARN_BLOCK_CAPTURE_AUTORELEASING = YES;
				CLANG_WARN_BOOL_CONVERSION = YES;
				CLANG_WARN_COMMA = YES;
				CLANG_WARN_CONSTANT_CONVERSION = YES;
				CLANG_WARN_DEPRECATED_OBJC_IMPLEMENTATIONS = YES;
				CLANG_WARN_DIRECT_OBJC_ISA_USAGE = YES_ERROR;
				CLANG_WARN_DOCUMENTATION_COMMENTS = YES;
				CLANG_WARN_EMPTY_BODY = YES;
				CLANG_WARN_ENUM_CONVERSION = YES;
				CLANG_WARN_INFINITE_RECURSION = YES;
				CLANG_WARN_INT_CONVERSION = YES;
				CLANG_WARN_NON_LITERAL_NULL_CONVERSION = YES;
				CLANG_WARN_OBJC_IMPLICIT_RETAIN_SELF = YES;
				CLANG_WARN_OBJC_LITERAL_CONVERSION = YES;
				CLANG_WARN_OBJC_ROOT_CLASS = YES_ERROR;
				CLANG_WARN_QUOTED_INCLUDE_IN_FRAMEWORK_HEADER = YES;
				CLANG_WARN_RANGE_LOOP_ANALYSIS = YES;
				CLANG_WARN_STRICT_PROTOTYPES = YES;
				CLANG_WARN_SUSPICIOUS_MOVE = YES;
				CLANG_WARN_UNGUARDED_AVAILABILITY = YES_AGGRESSIVE;
				CLANG_WARN_UNREACHABLE_CODE = YES;
				CLANG_WARN__DUPLICATE_METHOD_MATCH = YES;
				COPY_PHASE_STRIP = NO;
				DEBUG_INFORMATION_FORMAT = "dwarf-with-dsym";
				ENABLE_NS_ASSERTIONS = NO;
				ENABLE_STRICT_OBJC_MSGSEND = YES;
				GCC_C_LANGUAGE_STANDARD = gnu11;
				GCC_NO_COMMON_BLOCKS = YES;
				GCC_WARN_64_TO_32_BIT_CONVERSION = YES;
				GCC_WARN_ABOUT_RETURN_TYPE = YES_ERROR;
				GCC_WARN_UNDECLARED_SELECTOR = YES;
				GCC_WARN_UNINITIALIZED_AUTOS = YES_AGGRESSIVE;
				GCC_WARN_UNUSED_FUNCTION = YES;
				GCC_WARN_UNUSED_VARIABLE = YES;
				IPHONEOS_DEPLOYMENT_TARGET = 14.5;
				MTL_ENABLE_DEBUG_INFO = NO;
				MTL_FAST_MATH = YES;
				SDKROOT = iphoneos;
				SWIFT_COMPILATION_MODE = wholemodule;
				SWIFT_OPTIMIZATION_LEVEL = "-O";
				VALIDATE_PRODUCT = YES;
			};
			name = Release;
		};
		1281C22326CD59300050A8BE /* Debug */ = {
			isa = XCBuildConfiguration;
			buildSettings = {
				ASSETCATALOG_COMPILER_APPICON_NAME = AppIcon;
				ASSETCATALOG_COMPILER_GLOBAL_ACCENT_COLOR_NAME = AccentColor;
				CODE_SIGN_STYLE = Automatic;
				DEVELOPMENT_ASSET_PATHS = "\"AuthForm/Preview Content\"";
				DEVELOPMENT_TEAM = ZUQW24UV5F;
				ENABLE_PREVIEWS = YES;
				INFOPLIST_FILE = AuthForm/Info.plist;
				IPHONEOS_DEPLOYMENT_TARGET = 14.0;
				LD_RUNPATH_SEARCH_PATHS = (
					"$(inherited)",
					"@executable_path/Frameworks",
				);
				PRODUCT_BUNDLE_IDENTIFIER = d.a.makarevich.AuthForm;
				PRODUCT_NAME = "$(TARGET_NAME)";
				SWIFT_VERSION = 5.0;
				TARGETED_DEVICE_FAMILY = "1,2";
			};
			name = Debug;
		};
		1281C22426CD59300050A8BE /* Release */ = {
			isa = XCBuildConfiguration;
			buildSettings = {
				ASSETCATALOG_COMPILER_APPICON_NAME = AppIcon;
				ASSETCATALOG_COMPILER_GLOBAL_ACCENT_COLOR_NAME = AccentColor;
				CODE_SIGN_STYLE = Automatic;
				DEVELOPMENT_ASSET_PATHS = "\"AuthForm/Preview Content\"";
				DEVELOPMENT_TEAM = ZUQW24UV5F;
				ENABLE_PREVIEWS = YES;
				INFOPLIST_FILE = AuthForm/Info.plist;
				IPHONEOS_DEPLOYMENT_TARGET = 14.0;
				LD_RUNPATH_SEARCH_PATHS = (
					"$(inherited)",
					"@executable_path/Frameworks",
				);
				PRODUCT_BUNDLE_IDENTIFIER = d.a.makarevich.AuthForm;
				PRODUCT_NAME = "$(TARGET_NAME)";
				SWIFT_VERSION = 5.0;
				TARGETED_DEVICE_FAMILY = "1,2";
			};
			name = Release;
		};
/* End XCBuildConfiguration section */

/* Begin XCConfigurationList section */
		1281C20E26CD592E0050A8BE /* Build configuration list for PBXProject "AuthForm" */ = {
			isa = XCConfigurationList;
			buildConfigurations = (
				1281C22026CD59300050A8BE /* Debug */,
				1281C22126CD59300050A8BE /* Release */,
			);
			defaultConfigurationIsVisible = 0;
			defaultConfigurationName = Release;
		};
		1281C22226CD59300050A8BE /* Build configuration list for PBXNativeTarget "AuthForm" */ = {
			isa = XCConfigurationList;
			buildConfigurations = (
				1281C22326CD59300050A8BE /* Debug */,
				1281C22426CD59300050A8BE /* Release */,
			);
			defaultConfigurationIsVisible = 0;
			defaultConfigurationName = Release;
		};
/* End XCConfigurationList section */
	};
	rootObject = 1281C20B26CD592E0050A8BE /* Project object */;
}
